
Microsoft Visual Studio Solution File, Format Version 12.00
# Visual Studio Version 16
VisualStudioVersion = 16.0.34601.136
MinimumVisualStudioVersion = 10.0.40219.1
Project("{888888A0-9F3D-457C-B088-3A5042F75D52}") = "Codsoft Task-1 Calculator Using Python", "Codsoft Task-1 Calculator Using Python.pyproj", "{F1801A0B-C37B-4728-AE28-D6AEF1F0BD1B}"
EndProject
Global
	GlobalSection(SolutionConfigurationPlatforms) = preSolution
		Debug|Any CPU = Debug|Any CPU
		Release|Any CPU = Release|Any CPU
	EndGlobalSection
	GlobalSection(ProjectConfigurationPlatforms) = postSolution
		{F1801A0B-C37B-4728-AE28-D6AEF1F0BD1B}.Debug|Any CPU.ActiveCfg = Debug|Any CPU
		{F1801A0B-C37B-4728-AE28-D6AEF1F0BD1B}.Release|Any CPU.ActiveCfg = Release|Any CPU
	EndGlobalSection
	GlobalSection(SolutionProperties) = preSolution
		HideSolutionNode = FALSE
	EndGlobalSection
	GlobalSection(ExtensibilityGlobals) = postSolution
		SolutionGuid = {F9D2F89F-E834-4C82-AEE8-9DE3EE302EED}
	EndGlobalSection
EndGlobal
